
Microsoft Visual Studio Solution File, Format Version 12.00
# Visual Studio 15
Project("{FAE04EC0-301F-11D3-BF4B-00C04F79EFBC}") = "Assembly-CSharp", "Assembly-CSharp.csproj", "{A5A31291-2F60-4B42-DBD0-E2EE4A2AE7B8}"
EndProject
Project("{FAE04EC0-301F-11D3-BF4B-00C04F79EFBC}") = "ScriptInspector", "ScriptInspector.csproj", "{11E0C603-067B-0B33-4D4B-C0CFF793A982}"
EndProject
Global
	GlobalSection(SolutionConfigurationPlatforms) = preSolution
		Debug|Any CPU = Debug|Any CPU
		Release|Any CPU = Release|Any CPU
	EndGlobalSection
	GlobalSection(ProjectConfigurationPlatforms) = postSolution
		{A5A31291-2F60-4B42-DBD0-E2EE4A2AE7B8}.Debug|Any CPU.ActiveCfg = Debug|Any CPU
		{A5A31291-2F60-4B42-DBD0-E2EE4A2AE7B8}.Debug|Any CPU.Build.0 = Debug|Any CPU
		{A5A31291-2F60-4B42-DBD0-E2EE4A2AE7B8}.Release|Any CPU.ActiveCfg = Release|Any CPU
		{A5A31291-2F60-4B42-DBD0-E2EE4A2AE7B8}.Release|Any CPU.Build.0 = Release|Any CPU
		{11E0C603-067B-0B33-4D4B-C0CFF793A982}.Debug|Any CPU.ActiveCfg = Debug|Any CPU
		{11E0C603-067B-0B33-4D4B-C0CFF793A982}.Debug|Any CPU.Build.0 = Debug|Any CPU
		{11E0C603-067B-0B33-4D4B-C0CFF793A982}.Release|Any CPU.ActiveCfg = Release|Any CPU
		{11E0C603-067B-0B33-4D4B-C0CFF793A982}.Release|Any CPU.Build.0 = Release|Any CPU
	EndGlobalSection
	GlobalSection(SolutionProperties) = preSolution
		HideSolutionNode = FALSE
	EndGlobalSection
EndGlobal
